
Microsoft Visual Studio Solution File, Format Version 12.00
# Visual Studio Version 17
VisualStudioVersion = 17.9.34701.34
MinimumVisualStudioVersion = 10.0.40219.1
Project("{9A19103F-16F7-4668-BE54-9A1E7A4F7556}") = "WorkCsv", "WorkCsv\WorkCsv.csproj", "{D5C6FF92-636F-472A-A1E0-C5DB147A2B6E}"
EndProject
Project("{FAE04EC0-301F-11D3-BF4B-00C04F79EFBC}") = "WorkCsvTest", "WorkCsvTest\WorkCsvTest.csproj", "{F7B2B431-F46A-439C-8FB9-62AFB8BDBFF0}"
EndProject
Global
	GlobalSection(SolutionConfigurationPlatforms) = preSolution
		Debug|Any CPU = Debug|Any CPU
		Release|Any CPU = Release|Any CPU
	EndGlobalSection
	GlobalSection(ProjectConfigurationPlatforms) = postSolution
		{D5C6FF92-636F-472A-A1E0-C5DB147A2B6E}.Debug|Any CPU.ActiveCfg = Debug|Any CPU
		{D5C6FF92-636F-472A-A1E0-C5DB147A2B6E}.Debug|Any CPU.Build.0 = Debug|Any CPU
		{D5C6FF92-636F-472A-A1E0-C5DB147A2B6E}.Release|Any CPU.ActiveCfg = Release|Any CPU
		{D5C6FF92-636F-472A-A1E0-C5DB147A2B6E}.Release|Any CPU.Build.0 = Release|Any CPU
		{F7B2B431-F46A-439C-8FB9-62AFB8BDBFF0}.Debug|Any CPU.ActiveCfg = Debug|Any CPU
		{F7B2B431-F46A-439C-8FB9-62AFB8BDBFF0}.Debug|Any CPU.Build.0 = Debug|Any CPU
		{F7B2B431-F46A-439C-8FB9-62AFB8BDBFF0}.Release|Any CPU.ActiveCfg = Release|Any CPU
		{F7B2B431-F46A-439C-8FB9-62AFB8BDBFF0}.Release|Any CPU.Build.0 = Release|Any CPU
	EndGlobalSection
	GlobalSection(SolutionProperties) = preSolution
		HideSolutionNode = FALSE
	EndGlobalSection
	GlobalSection(ExtensibilityGlobals) = postSolution
		SolutionGuid = {CD7898DD-CBBC-43DC-A58A-02D22B1A22F8}
	EndGlobalSection
EndGlobal
